
Microsoft Visual Studio Solution File, Format Version 12.00
# Visual Studio Version 17
VisualStudioVersion = 17.4.33205.214
MinimumVisualStudioVersion = 10.0.40219.1
Project("{FAE04EC0-301F-11D3-BF4B-00C04F79EFBC}") = "Lab1_191256_2", "Lab1_191256_2\Lab1_191256_2.csproj", "{82FE0178-1F97-4AEA-8E16-6CBE15E01C61}"
EndProject
Global
	GlobalSection(SolutionConfigurationPlatforms) = preSolution
		Debug|Any CPU = Debug|Any CPU
		Release|Any CPU = Release|Any CPU
	EndGlobalSection
	GlobalSection(ProjectConfigurationPlatforms) = postSolution
		{82FE0178-1F97-4AEA-8E16-6CBE15E01C61}.Debug|Any CPU.ActiveCfg = Debug|Any CPU
		{82FE0178-1F97-4AEA-8E16-6CBE15E01C61}.Debug|Any CPU.Build.0 = Debug|Any CPU
		{82FE0178-1F97-4AEA-8E16-6CBE15E01C61}.Release|Any CPU.ActiveCfg = Release|Any CPU
		{82FE0178-1F97-4AEA-8E16-6CBE15E01C61}.Release|Any CPU.Build.0 = Release|Any CPU
	EndGlobalSection
	GlobalSection(SolutionProperties) = preSolution
		HideSolutionNode = FALSE
	EndGlobalSection
	GlobalSection(ExtensibilityGlobals) = postSolution
		SolutionGuid = {19BFD3C7-F8FE-45C7-AD4E-F9636CC20D81}
	EndGlobalSection
EndGlobal
